
Microsoft Visual Studio Solution File, Format Version 12.00
Project("{2150E333-8FDC-42A3-9474-1A3956D46DE8}") = "src", "src", "{717C80C5-712B-4EB9-87D9-E5B4972B203C}"
EndProject
Project("{2150E333-8FDC-42A3-9474-1A3956D46DE8}") = "tests", "tests", "{FE7902A2-817D-4F2E-AED0-1328481AC1CC}"
EndProject
Project("{FAE04EC0-301F-11D3-BF4B-00C04F79EFBC}") = "Domain", "src\Domain\Domain.csproj", "{43B4CBB6-E366-4455-BF86-45F3BE8D7EE9}"
EndProject
Project("{FAE04EC0-301F-11D3-BF4B-00C04F79EFBC}") = "Infrastructure", "src\Infrastructure\Infrastructure.csproj", "{E88D902C-2A8A-4501-AFDC-822D94F75C9B}"
EndProject
Project("{FAE04EC0-301F-11D3-BF4B-00C04F79EFBC}") = "Application", "src\Application\Application.csproj", "{C5E75A3C-0C59-4C37-8A40-9B0C72BF6D2D}"
EndProject
Project("{FAE04EC0-301F-11D3-BF4B-00C04F79EFBC}") = "Tests.Data", "tests\Tests.Data\Tests.Data.csproj", "{BFDE59ED-9F76-4E14-85BE-219F38342AA4}"
EndProject
Project("{FAE04EC0-301F-11D3-BF4B-00C04F79EFBC}") = "Tests.Common", "tests\Tests.Common\Tests.Common.csproj", "{3E240EAE-50FF-4F20-9C56-3F6D92DC1901}"
EndProject
Project("{FAE04EC0-301F-11D3-BF4B-00C04F79EFBC}") = "Api", "src\Api\Api.csproj", "{706AE663-BD28-496D-915C-5DED8A79B9E1}"
EndProject
Project("{FAE04EC0-301F-11D3-BF4B-00C04F79EFBC}") = "Api.Tests.Integration", "tests\Api.Tests.Integration\Api.Tests.Integration.csproj", "{61104359-D3B9-407E-A1C1-FDD7E4635476}"
EndProject
Global
	GlobalSection(SolutionConfigurationPlatforms) = preSolution
		Debug|Any CPU = Debug|Any CPU
		Release|Any CPU = Release|Any CPU
	EndGlobalSection
	GlobalSection(NestedProjects) = preSolution
		{43B4CBB6-E366-4455-BF86-45F3BE8D7EE9} = {717C80C5-712B-4EB9-87D9-E5B4972B203C}
		{E88D902C-2A8A-4501-AFDC-822D94F75C9B} = {717C80C5-712B-4EB9-87D9-E5B4972B203C}
		{C5E75A3C-0C59-4C37-8A40-9B0C72BF6D2D} = {717C80C5-712B-4EB9-87D9-E5B4972B203C}
		{BFDE59ED-9F76-4E14-85BE-219F38342AA4} = {FE7902A2-817D-4F2E-AED0-1328481AC1CC}
		{3E240EAE-50FF-4F20-9C56-3F6D92DC1901} = {FE7902A2-817D-4F2E-AED0-1328481AC1CC}
		{706AE663-BD28-496D-915C-5DED8A79B9E1} = {717C80C5-712B-4EB9-87D9-E5B4972B203C}
		{61104359-D3B9-407E-A1C1-FDD7E4635476} = {FE7902A2-817D-4F2E-AED0-1328481AC1CC}
	EndGlobalSection
	GlobalSection(ProjectConfigurationPlatforms) = postSolution
		{43B4CBB6-E366-4455-BF86-45F3BE8D7EE9}.Debug|Any CPU.ActiveCfg = Debug|Any CPU
		{43B4CBB6-E366-4455-BF86-45F3BE8D7EE9}.Debug|Any CPU.Build.0 = Debug|Any CPU
		{43B4CBB6-E366-4455-BF86-45F3BE8D7EE9}.Release|Any CPU.ActiveCfg = Release|Any CPU
		{43B4CBB6-E366-4455-BF86-45F3BE8D7EE9}.Release|Any CPU.Build.0 = Release|Any CPU
		{E88D902C-2A8A-4501-AFDC-822D94F75C9B}.Debug|Any CPU.ActiveCfg = Debug|Any CPU
		{E88D902C-2A8A-4501-AFDC-822D94F75C9B}.Debug|Any CPU.Build.0 = Debug|Any CPU
		{E88D902C-2A8A-4501-AFDC-822D94F75C9B}.Release|Any CPU.ActiveCfg = Release|Any CPU
		{E88D902C-2A8A-4501-AFDC-822D94F75C9B}.Release|Any CPU.Build.0 = Release|Any CPU
		{C5E75A3C-0C59-4C37-8A40-9B0C72BF6D2D}.Debug|Any CPU.ActiveCfg = Debug|Any CPU
		{C5E75A3C-0C59-4C37-8A40-9B0C72BF6D2D}.Debug|Any CPU.Build.0 = Debug|Any CPU
		{C5E75A3C-0C59-4C37-8A40-9B0C72BF6D2D}.Release|Any CPU.ActiveCfg = Release|Any CPU
		{C5E75A3C-0C59-4C37-8A40-9B0C72BF6D2D}.Release|Any CPU.Build.0 = Release|Any CPU
		{BFDE59ED-9F76-4E14-85BE-219F38342AA4}.Debug|Any CPU.ActiveCfg = Debug|Any CPU
		{BFDE59ED-9F76-4E14-85BE-219F38342AA4}.Debug|Any CPU.Build.0 = Debug|Any CPU
		{BFDE59ED-9F76-4E14-85BE-219F38342AA4}.Release|Any CPU.ActiveCfg = Release|Any CPU
		{BFDE59ED-9F76-4E14-85BE-219F38342AA4}.Release|Any CPU.Build.0 = Release|Any CPU
		{3E240EAE-50FF-4F20-9C56-3F6D92DC1901}.Debug|Any CPU.ActiveCfg = Debug|Any CPU
		{3E240EAE-50FF-4F20-9C56-3F6D92DC1901}.Debug|Any CPU.Build.0 = Debug|Any CPU
		{3E240EAE-50FF-4F20-9C56-3F6D92DC1901}.Release|Any CPU.ActiveCfg = Release|Any CPU
		{3E240EAE-50FF-4F20-9C56-3F6D92DC1901}.Release|Any CPU.Build.0 = Release|Any CPU
		{706AE663-BD28-496D-915C-5DED8A79B9E1}.Debug|Any CPU.ActiveCfg = Debug|Any CPU
		{706AE663-BD28-496D-915C-5DED8A79B9E1}.Debug|Any CPU.Build.0 = Debug|Any CPU
		{706AE663-BD28-496D-915C-5DED8A79B9E1}.Release|Any CPU.ActiveCfg = Release|Any CPU
		{706AE663-BD28-496D-915C-5DED8A79B9E1}.Release|Any CPU.Build.0 = Release|Any CPU
		{61104359-D3B9-407E-A1C1-FDD7E4635476}.Debug|Any CPU.ActiveCfg = Debug|Any CPU
		{61104359-D3B9-407E-A1C1-FDD7E4635476}.Debug|Any CPU.Build.0 = Debug|Any CPU
		{61104359-D3B9-407E-A1C1-FDD7E4635476}.Release|Any CPU.ActiveCfg = Release|Any CPU
		{61104359-D3B9-407E-A1C1-FDD7E4635476}.Release|Any CPU.Build.0 = Release|Any CPU
	EndGlobalSection
EndGlobal
